{
  "name": "@codex/agent-bff",
  "version": "0.0.1",
  "lockfileVersion": 3,
  "requires": true,
  "packages": {
    "": {
      "name": "@codex/agent-bff",
      "version": "0.0.1",
      "dependencies": {
        "@codex/core-backend": "file:../core-backend"
      }
    },
    "../core-backend": {
      "name": "@codex/core-backend",
      "version": "0.0.1",
      "dependencies": {
        "mongodb": "^6.16.0"
      }
    },
    "node_modules/@codex/core-backend": {
      "resolved": "../core-backend",
      "link": true
    }
  }
}
